
Microsoft Visual Studio Solution File, Format Version 12.00
# Visual Studio Version 17
VisualStudioVersion = 17.0.31903.59
MinimumVisualStudioVersion = 10.0.40219.1
Project("{FAE04EC0-301F-11D3-BF4B-00C04F79EFBC}") = "HorsesForCourses.Core", "HorsesForCourses.Core\HorsesForCourses.Core.csproj", "{06910F14-461F-4883-AC76-CAC7FAFFEA1F}"
EndProject
Project("{FAE04EC0-301F-11D3-BF4B-00C04F79EFBC}") = "HorsesForCourses.Tests", "HorsesForCourses.Tests\HorsesForCourses.Tests.csproj", "{031586DE-CA67-460C-B8BC-434488300814}"
EndProject
Project("{FAE04EC0-301F-11D3-BF4B-00C04F79EFBC}") = "HorsesForCourses.WebApi", "HorsesForCourses.WebApi\HorsesForCourses.WebApi.csproj", "{933F374E-7BE0-4F32-B5C7-FFCB02053707}"
EndProject
Global
	GlobalSection(SolutionConfigurationPlatforms) = preSolution
		Debug|Any CPU = Debug|Any CPU
		Release|Any CPU = Release|Any CPU
	EndGlobalSection
	GlobalSection(SolutionProperties) = preSolution
		HideSolutionNode = FALSE
	EndGlobalSection
	GlobalSection(ProjectConfigurationPlatforms) = postSolution
		{06910F14-461F-4883-AC76-CAC7FAFFEA1F}.Debug|Any CPU.ActiveCfg = Debug|Any CPU
		{06910F14-461F-4883-AC76-CAC7FAFFEA1F}.Debug|Any CPU.Build.0 = Debug|Any CPU
		{06910F14-461F-4883-AC76-CAC7FAFFEA1F}.Release|Any CPU.ActiveCfg = Release|Any CPU
		{06910F14-461F-4883-AC76-CAC7FAFFEA1F}.Release|Any CPU.Build.0 = Release|Any CPU
		{031586DE-CA67-460C-B8BC-434488300814}.Debug|Any CPU.ActiveCfg = Debug|Any CPU
		{031586DE-CA67-460C-B8BC-434488300814}.Debug|Any CPU.Build.0 = Debug|Any CPU
		{031586DE-CA67-460C-B8BC-434488300814}.Release|Any CPU.ActiveCfg = Release|Any CPU
		{031586DE-CA67-460C-B8BC-434488300814}.Release|Any CPU.Build.0 = Release|Any CPU
		{933F374E-7BE0-4F32-B5C7-FFCB02053707}.Debug|Any CPU.ActiveCfg = Debug|Any CPU
		{933F374E-7BE0-4F32-B5C7-FFCB02053707}.Debug|Any CPU.Build.0 = Debug|Any CPU
		{933F374E-7BE0-4F32-B5C7-FFCB02053707}.Release|Any CPU.ActiveCfg = Release|Any CPU
		{933F374E-7BE0-4F32-B5C7-FFCB02053707}.Release|Any CPU.Build.0 = Release|Any CPU
	EndGlobalSection
EndGlobal
